// !$*UTF8*$!
{
	archiveVersion = 1;
	classes = {
	};
	objectVersion = 48;
	objects = {

/* Begin PBXBuildFile section */
		142306B51FD316D900114BF8 /* LoginInteractor.swift in Sources */ = {isa = PBXBuildFile; fileRef = 142306AF1FD316D900114BF8 /* LoginInteractor.swift */; };
		142306B61FD316D900114BF8 /* LoginModels.swift in Sources */ = {isa = PBXBuildFile; fileRef = 142306B01FD316D900114BF8 /* LoginModels.swift */; };
		142306B71FD316D900114BF8 /* LoginPresenter.swift in Sources */ = {isa = PBXBuildFile; fileRef = 142306B11FD316D900114BF8 /* LoginPresenter.swift */; };
		142306B81FD316D900114BF8 /* LoginRouter.swift in Sources */ = {isa = PBXBuildFile; fileRef = 142306B21FD316D900114BF8 /* LoginRouter.swift */; };
		142306B91FD316D900114BF8 /* LoginViewController.swift in Sources */ = {isa = PBXBuildFile; fileRef = 142306B31FD316D900114BF8 /* LoginViewController.swift */; };
		142306BA1FD316D900114BF8 /* LoginWorker.swift in Sources */ = {isa = PBXBuildFile; fileRef = 142306B41FD316D900114BF8 /* LoginWorker.swift */; };
		142306BD1FD325AB00114BF8 /* RealmConfig.swift in Sources */ = {isa = PBXBuildFile; fileRef = 142306BC1FD325AB00114BF8 /* RealmConfig.swift */; };
		142306BF1FD325F700114BF8 /* URL.swift in Sources */ = {isa = PBXBuildFile; fileRef = 142306BE1FD325F700114BF8 /* URL.swift */; };
		142306C21FD326DC00114BF8 /* UserSession.swift in Sources */ = {isa = PBXBuildFile; fileRef = 142306C11FD326DC00114BF8 /* UserSession.swift */; };
		142306C41FD41D4D00114BF8 /* DBRepo.swift in Sources */ = {isa = PBXBuildFile; fileRef = 142306C31FD41D4D00114BF8 /* DBRepo.swift */; };
		142306C61FD4224F00114BF8 /* ReposDBService.swift in Sources */ = {isa = PBXBuildFile; fileRef = 142306C51FD4224F00114BF8 /* ReposDBService.swift */; };
		142306C81FD4243500114BF8 /* SessionDBService.swift in Sources */ = {isa = PBXBuildFile; fileRef = 142306C71FD4243500114BF8 /* SessionDBService.swift */; };
		14E3825D1FD2BACF007AB299 /* AppDelegate.swift in Sources */ = {isa = PBXBuildFile; fileRef = 14E3825C1FD2BACF007AB299 /* AppDelegate.swift */; };
		14E382621FD2BACF007AB299 /* Main.storyboard in Resources */ = {isa = PBXBuildFile; fileRef = 14E382601FD2BACF007AB299 /* Main.storyboard */; };
		14E382641FD2BACF007AB299 /* Assets.xcassets in Resources */ = {isa = PBXBuildFile; fileRef = 14E382631FD2BACF007AB299 /* Assets.xcassets */; };
		14E382671FD2BACF007AB299 /* LaunchScreen.storyboard in Resources */ = {isa = PBXBuildFile; fileRef = 14E382651FD2BACF007AB299 /* LaunchScreen.storyboard */; };
		14E382751FD2BC32007AB299 /* SearchInteractor.swift in Sources */ = {isa = PBXBuildFile; fileRef = 14E3826F1FD2BC32007AB299 /* SearchInteractor.swift */; };
		14E382761FD2BC32007AB299 /* SearchModels.swift in Sources */ = {isa = PBXBuildFile; fileRef = 14E382701FD2BC32007AB299 /* SearchModels.swift */; };
		14E382771FD2BC32007AB299 /* SearchPresenter.swift in Sources */ = {isa = PBXBuildFile; fileRef = 14E382711FD2BC32007AB299 /* SearchPresenter.swift */; };
		14E382781FD2BC32007AB299 /* SearchRouter.swift in Sources */ = {isa = PBXBuildFile; fileRef = 14E382721FD2BC32007AB299 /* SearchRouter.swift */; };
		14E382791FD2BC32007AB299 /* SearchViewController.swift in Sources */ = {isa = PBXBuildFile; fileRef = 14E382731FD2BC32007AB299 /* SearchViewController.swift */; };
		14E3827A1FD2BC32007AB299 /* SearchWorker.swift in Sources */ = {isa = PBXBuildFile; fileRef = 14E382741FD2BC32007AB299 /* SearchWorker.swift */; };
		14E382801FD2CDD3007AB299 /* APIRouter.swift in Sources */ = {isa = PBXBuildFile; fileRef = 14E3827F1FD2CDD3007AB299 /* APIRouter.swift */; };
		14E382821FD2CFFE007AB299 /* NetworkService.swift in Sources */ = {isa = PBXBuildFile; fileRef = 14E382811FD2CFFE007AB299 /* NetworkService.swift */; };
		14E382851FD2D1C6007AB299 /* Repo.swift in Sources */ = {isa = PBXBuildFile; fileRef = 14E382841FD2D1C6007AB299 /* Repo.swift */; };
		14E382881FD2D2F6007AB299 /* Request.swift in Sources */ = {isa = PBXBuildFile; fileRef = 14E382871FD2D2F6007AB299 /* Request.swift */; };
		14E3828A1FD2D8E4007AB299 /* Decoding.swift in Sources */ = {isa = PBXBuildFile; fileRef = 14E382891FD2D8E4007AB299 /* Decoding.swift */; };
		14E3828C1FD2D984007AB299 /* JSONDecoder.swift in Sources */ = {isa = PBXBuildFile; fileRef = 14E3828B1FD2D984007AB299 /* JSONDecoder.swift */; };
		14E3828F1FD2F230007AB299 /* RepoCell.swift in Sources */ = {isa = PBXBuildFile; fileRef = 14E3828E1FD2F230007AB299 /* RepoCell.swift */; };
		14E382921FD2F4E6007AB299 /* CellViewModel.swift in Sources */ = {isa = PBXBuildFile; fileRef = 14E382911FD2F4E6007AB299 /* CellViewModel.swift */; };
		14E382941FD2F54F007AB299 /* UITableView+DequeueReusableCell.swift in Sources */ = {isa = PBXBuildFile; fileRef = 14E382931FD2F54F007AB299 /* UITableView+DequeueReusableCell.swift */; };
		14E382971FD303DD007AB299 /* MVCBrowserViewController.swift in Sources */ = {isa = PBXBuildFile; fileRef = 14E382961FD303DD007AB299 /* MVCBrowserViewController.swift */; };
		14E382991FD309D8007AB299 /* Collection.swift in Sources */ = {isa = PBXBuildFile; fileRef = 14E382981FD309D8007AB299 /* Collection.swift */; };
		76D884316D330423890285C3 /* Pods_GitHub_search.framework in Frameworks */ = {isa = PBXBuildFile; fileRef = AE882CF90475986E1CF62806 /* Pods_GitHub_search.framework */; };
/* End PBXBuildFile section */

/* Begin PBXFileReference section */
		142306AF1FD316D900114BF8 /* LoginInteractor.swift */ = {isa = PBXFileReference; lastKnownFileType = sourcecode.swift; path = LoginInteractor.swift; sourceTree = "<group>"; };
		142306B01FD316D900114BF8 /* LoginModels.swift */ = {isa = PBXFileReference; lastKnownFileType = sourcecode.swift; path = LoginModels.swift; sourceTree = "<group>"; };
		142306B11FD316D900114BF8 /* LoginPresenter.swift */ = {isa = PBXFileReference; lastKnownFileType = sourcecode.swift; path = LoginPresenter.swift; sourceTree = "<group>"; };
		142306B21FD316D900114BF8 /* LoginRouter.swift */ = {isa = PBXFileReference; lastKnownFileType = sourcecode.swift; path = LoginRouter.swift; sourceTree = "<group>"; };
		142306B31FD316D900114BF8 /* LoginViewController.swift */ = {isa = PBXFileReference; lastKnownFileType = sourcecode.swift; path = LoginViewController.swift; sourceTree = "<group>"; };
		142306B41FD316D900114BF8 /* LoginWorker.swift */ = {isa = PBXFileReference; lastKnownFileType = sourcecode.swift; path = LoginWorker.swift; sourceTree = "<group>"; };
		142306BC1FD325AB00114BF8 /* RealmConfig.swift */ = {isa = PBXFileReference; lastKnownFileType = sourcecode.swift; path = RealmConfig.swift; sourceTree = "<group>"; };
		142306BE1FD325F700114BF8 /* URL.swift */ = {isa = PBXFileReference; lastKnownFileType = sourcecode.swift; path = URL.swift; sourceTree = "<group>"; };
		142306C11FD326DC00114BF8 /* UserSession.swift */ = {isa = PBXFileReference; lastKnownFileType = sourcecode.swift; path = UserSession.swift; sourceTree = "<group>"; };
		142306C31FD41D4D00114BF8 /* DBRepo.swift */ = {isa = PBXFileReference; lastKnownFileType = sourcecode.swift; path = DBRepo.swift; sourceTree = "<group>"; };
		142306C51FD4224F00114BF8 /* ReposDBService.swift */ = {isa = PBXFileReference; lastKnownFileType = sourcecode.swift; path = ReposDBService.swift; sourceTree = "<group>"; };
		142306C71FD4243500114BF8 /* SessionDBService.swift */ = {isa = PBXFileReference; lastKnownFileType = sourcecode.swift; path = SessionDBService.swift; sourceTree = "<group>"; };
		14E382591FD2BACF007AB299 /* GitHub search.app */ = {isa = PBXFileReference; explicitFileType = wrapper.application; includeInIndex = 0; path = "GitHub search.app"; sourceTree = BUILT_PRODUCTS_DIR; };
		14E3825C1FD2BACF007AB299 /* AppDelegate.swift */ = {isa = PBXFileReference; lastKnownFileType = sourcecode.swift; path = AppDelegate.swift; sourceTree = "<group>"; };
		14E382611FD2BACF007AB299 /* Base */ = {isa = PBXFileReference; lastKnownFileType = file.storyboard; name = Base; path = Base.lproj/Main.storyboard; sourceTree = "<group>"; };
		14E382631FD2BACF007AB299 /* Assets.xcassets */ = {isa = PBXFileReference; lastKnownFileType = folder.assetcatalog; path = Assets.xcassets; sourceTree = "<group>"; };
		14E382661FD2BACF007AB299 /* Base */ = {isa = PBXFileReference; lastKnownFileType = file.storyboard; name = Base; path = Base.lproj/LaunchScreen.storyboard; sourceTree = "<group>"; };
		14E382681FD2BACF007AB299 /* Info.plist */ = {isa = PBXFileReference; lastKnownFileType = text.plist.xml; path = Info.plist; sourceTree = "<group>"; };
		14E3826F1FD2BC32007AB299 /* SearchInteractor.swift */ = {isa = PBXFileReference; lastKnownFileType = sourcecode.swift; path = SearchInteractor.swift; sourceTree = "<group>"; };
		14E382701FD2BC32007AB299 /* SearchModels.swift */ = {isa = PBXFileReference; lastKnownFileType = sourcecode.swift; path = SearchModels.swift; sourceTree = "<group>"; };
		14E382711FD2BC32007AB299 /* SearchPresenter.swift */ = {isa = PBXFileReference; lastKnownFileType = sourcecode.swift; path = SearchPresenter.swift; sourceTree = "<group>"; };
		14E382721FD2BC32007AB299 /* SearchRouter.swift */ = {isa = PBXFileReference; lastKnownFileType = sourcecode.swift; path = SearchRouter.swift; sourceTree = "<group>"; };
		14E382731FD2BC32007AB299 /* SearchViewController.swift */ = {isa = PBXFileReference; lastKnownFileType = sourcecode.swift; path = SearchViewController.swift; sourceTree = "<group>"; };
		14E382741FD2BC32007AB299 /* SearchWorker.swift */ = {isa = PBXFileReference; lastKnownFileType = sourcecode.swift; path = SearchWorker.swift; sourceTree = "<group>"; };
		14E3827F1FD2CDD3007AB299 /* APIRouter.swift */ = {isa = PBXFileReference; lastKnownFileType = sourcecode.swift; path = APIRouter.swift; sourceTree = "<group>"; };
		14E382811FD2CFFE007AB299 /* NetworkService.swift */ = {isa = PBXFileReference; lastKnownFileType = sourcecode.swift; path = NetworkService.swift; sourceTree = "<group>"; };
		14E382841FD2D1C6007AB299 /* Repo.swift */ = {isa = PBXFileReference; lastKnownFileType = sourcecode.swift; path = Repo.swift; sourceTree = "<group>"; };
		14E382871FD2D2F6007AB299 /* Request.swift */ = {isa = PBXFileReference; lastKnownFileType = sourcecode.swift; path = Request.swift; sourceTree = "<group>"; };
		14E382891FD2D8E4007AB299 /* Decoding.swift */ = {isa = PBXFileReference; lastKnownFileType = sourcecode.swift; path = Decoding.swift; sourceTree = "<group>"; };
		14E3828B1FD2D984007AB299 /* JSONDecoder.swift */ = {isa = PBXFileReference; lastKnownFileType = sourcecode.swift; path = JSONDecoder.swift; sourceTree = "<group>"; };
		14E3828E1FD2F230007AB299 /* RepoCell.swift */ = {isa = PBXFileReference; lastKnownFileType = sourcecode.swift; path = RepoCell.swift; sourceTree = "<group>"; };
		14E382911FD2F4E6007AB299 /* CellViewModel.swift */ = {isa = PBXFileReference; lastKnownFileType = sourcecode.swift; path = CellViewModel.swift; sourceTree = "<group>"; };
		14E382931FD2F54F007AB299 /* UITableView+DequeueReusableCell.swift */ = {isa = PBXFileReference; lastKnownFileType = sourcecode.swift; path = "UITableView+DequeueReusableCell.swift"; sourceTree = "<group>"; };
		14E382961FD303DD007AB299 /* MVCBrowserViewController.swift */ = {isa = PBXFileReference; lastKnownFileType = sourcecode.swift; path = MVCBrowserViewController.swift; sourceTree = "<group>"; };
		14E382981FD309D8007AB299 /* Collection.swift */ = {isa = PBXFileReference; lastKnownFileType = sourcecode.swift; path = Collection.swift; sourceTree = "<group>"; };
		93671754C9929F1D5FC76DF6 /* Pods-GitHub search.debug.xcconfig */ = {isa = PBXFileReference; includeInIndex = 1; lastKnownFileType = text.xcconfig; name = "Pods-GitHub search.debug.xcconfig"; path = "Pods/Target Support Files/Pods-GitHub search/Pods-GitHub search.debug.xcconfig"; sourceTree = "<group>"; };
		AE882CF90475986E1CF62806 /* Pods_GitHub_search.framework */ = {isa = PBXFileReference; explicitFileType = wrapper.framework; includeInIndex = 0; path = Pods_GitHub_search.framework; sourceTree = BUILT_PRODUCTS_DIR; };
		D85BE1225815933F163D91A0 /* Pods-GitHub search.release.xcconfig */ = {isa = PBXFileReference; includeInIndex = 1; lastKnownFileType = text.xcconfig; name = "Pods-GitHub search.release.xcconfig"; path = "Pods/Target Support Files/Pods-GitHub search/Pods-GitHub search.release.xcconfig"; sourceTree = "<group>"; };
/* End PBXFileReference section */

/* Begin PBXFrameworksBuildPhase section */
		14E382561FD2BACF007AB299 /* Frameworks */ = {
			isa = PBXFrameworksBuildPhase;
			buildActionMask = 2147483647;
			files = (
				76D884316D330423890285C3 /* Pods_GitHub_search.framework in Frameworks */,
			);
			runOnlyForDeploymentPostprocessing = 0;
		};
/* End PBXFrameworksBuildPhase section */

/* Begin PBXGroup section */
		142306AE1FD3168B00114BF8 /* Auth */ = {
			isa = PBXGroup;
			children = (
				142306AF1FD316D900114BF8 /* LoginInteractor.swift */,
				142306B01FD316D900114BF8 /* LoginModels.swift */,
				142306B11FD316D900114BF8 /* LoginPresenter.swift */,
				142306B21FD316D900114BF8 /* LoginRouter.swift */,
				142306B31FD316D900114BF8 /* LoginViewController.swift */,
				142306B41FD316D900114BF8 /* LoginWorker.swift */,
			);
			path = Auth;
			sourceTree = "<group>";
		};
		142306C01FD326CA00114BF8 /* Models */ = {
			isa = PBXGroup;
			children = (
				142306C11FD326DC00114BF8 /* UserSession.swift */,
				142306C31FD41D4D00114BF8 /* DBRepo.swift */,
			);
			path = Models;
			sourceTree = "<group>";
		};
		14E382501FD2BACF007AB299 = {
			isa = PBXGroup;
			children = (
				14E3825B1FD2BACF007AB299 /* GitHub search */,
				14E3825A1FD2BACF007AB299 /* Products */,
				8107954A2E6DDDFF14D341A4 /* Pods */,
				94B55596B9F232EC204CFD6A /* Frameworks */,
			);
			sourceTree = "<group>";
		};
		14E3825A1FD2BACF007AB299 /* Products */ = {
			isa = PBXGroup;
			children = (
				14E382591FD2BACF007AB299 /* GitHub search.app */,
			);
			name = Products;
			sourceTree = "<group>";
		};
		14E3825B1FD2BACF007AB299 /* GitHub search */ = {
			isa = PBXGroup;
			children = (
				14E3827B1FD2CC9F007AB299 /* Scenes */,
				14E3827C1FD2CCBE007AB299 /* Services */,
				14E382861FD2D2D8007AB299 /* Extension */,
				14E382901FD2F4C8007AB299 /* Utils */,
				14E3825C1FD2BACF007AB299 /* AppDelegate.swift */,
				14E382601FD2BACF007AB299 /* Main.storyboard */,
				14E382631FD2BACF007AB299 /* Assets.xcassets */,
				14E382651FD2BACF007AB299 /* LaunchScreen.storyboard */,
				14E382681FD2BACF007AB299 /* Info.plist */,
			);
			path = "GitHub search";
			sourceTree = "<group>";
		};
		14E3826E1FD2BC08007AB299 /* Search */ = {
			isa = PBXGroup;
			children = (
				14E3828D1FD2F20B007AB299 /* Cells */,
				14E3826F1FD2BC32007AB299 /* SearchInteractor.swift */,
				14E382701FD2BC32007AB299 /* SearchModels.swift */,
				14E382711FD2BC32007AB299 /* SearchPresenter.swift */,
				14E382721FD2BC32007AB299 /* SearchRouter.swift */,
				14E382731FD2BC32007AB299 /* SearchViewController.swift */,
				14E382741FD2BC32007AB299 /* SearchWorker.swift */,
			);
			path = Search;
			sourceTree = "<group>";
		};
		14E3827B1FD2CC9F007AB299 /* Scenes */ = {
			isa = PBXGroup;
			children = (
				14E3826E1FD2BC08007AB299 /* Search */,
				14E382951FD300C2007AB299 /* Browser */,
				142306AE1FD3168B00114BF8 /* Auth */,
			);
			path = Scenes;
			sourceTree = "<group>";
		};
		14E3827C1FD2CCBE007AB299 /* Services */ = {
			isa = PBXGroup;
			children = (
				14E3827D1FD2CCD7007AB299 /* Networking */,
				14E3827E1FD2CCE4007AB299 /* Storage */,
			);
			path = Services;
			sourceTree = "<group>";
		};
		14E3827D1FD2CCD7007AB299 /* Networking */ = {
			isa = PBXGroup;
			children = (
				14E382831FD2D19F007AB299 /* Models */,
				14E3827F1FD2CDD3007AB299 /* APIRouter.swift */,
				14E382811FD2CFFE007AB299 /* NetworkService.swift */,
				14E382891FD2D8E4007AB299 /* Decoding.swift */,
			);
			path = Networking;
			sourceTree = "<group>";
		};
		14E3827E1FD2CCE4007AB299 /* Storage */ = {
			isa = PBXGroup;
			children = (
				142306C01FD326CA00114BF8 /* Models */,
				142306BC1FD325AB00114BF8 /* RealmConfig.swift */,
				142306C51FD4224F00114BF8 /* ReposDBService.swift */,
				142306C71FD4243500114BF8 /* SessionDBService.swift */,
			);
			path = Storage;
			sourceTree = "<group>";
		};
		14E382831FD2D19F007AB299 /* Models */ = {
			isa = PBXGroup;
			children = (
				14E382841FD2D1C6007AB299 /* Repo.swift */,
			);
			path = Models;
			sourceTree = "<group>";
		};
		14E382861FD2D2D8007AB299 /* Extension */ = {
			isa = PBXGroup;
			children = (
				14E382871FD2D2F6007AB299 /* Request.swift */,
				14E3828B1FD2D984007AB299 /* JSONDecoder.swift */,
				14E382931FD2F54F007AB299 /* UITableView+DequeueReusableCell.swift */,
				14E382981FD309D8007AB299 /* Collection.swift */,
				142306BE1FD325F700114BF8 /* URL.swift */,
			);
			path = Extension;
			sourceTree = "<group>";
		};
		14E3828D1FD2F20B007AB299 /* Cells */ = {
			isa = PBXGroup;
			children = (
				14E3828E1FD2F230007AB299 /* RepoCell.swift */,
			);
			path = Cells;
			sourceTree = "<group>";
		};
		14E382901FD2F4C8007AB299 /* Utils */ = {
			isa = PBXGroup;
			children = (
				14E382911FD2F4E6007AB299 /* CellViewModel.swift */,
			);
			path = Utils;
			sourceTree = "<group>";
		};
		14E382951FD300C2007AB299 /* Browser */ = {
			isa = PBXGroup;
			children = (
				14E382961FD303DD007AB299 /* MVCBrowserViewController.swift */,
			);
			path = Browser;
			sourceTree = "<group>";
		};
		8107954A2E6DDDFF14D341A4 /* Pods */ = {
			isa = PBXGroup;
			children = (
				93671754C9929F1D5FC76DF6 /* Pods-GitHub search.debug.xcconfig */,
				D85BE1225815933F163D91A0 /* Pods-GitHub search.release.xcconfig */,
			);
			name = Pods;
			sourceTree = "<group>";
		};
		94B55596B9F232EC204CFD6A /* Frameworks */ = {
			isa = PBXGroup;
			children = (
				AE882CF90475986E1CF62806 /* Pods_GitHub_search.framework */,
			);
			name = Frameworks;
			sourceTree = "<group>";
		};
/* End PBXGroup section */

/* Begin PBXNativeTarget section */
		14E382581FD2BACF007AB299 /* GitHub search */ = {
			isa = PBXNativeTarget;
			buildConfigurationList = 14E3826B1FD2BACF007AB299 /* Build configuration list for PBXNativeTarget "GitHub search" */;
			buildPhases = (
				8AC2AFDACFC9096CC77C90B2 /* [CP] Check Pods Manifest.lock */,
				14E382551FD2BACF007AB299 /* Sources */,
				14E382561FD2BACF007AB299 /* Frameworks */,
				14E382571FD2BACF007AB299 /* Resources */,
				01CC3FE74DC3DA5791F0C081 /* [CP] Embed Pods Frameworks */,
				EE20BCA8DB47595BAEFA3ECF /* [CP] Copy Pods Resources */,
			);
			buildRules = (
			);
			dependencies = (
			);
			name = "GitHub search";
			productName = "GitHub search";
			productReference = 14E382591FD2BACF007AB299 /* GitHub search.app */;
			productType = "com.apple.product-type.application";
		};
/* End PBXNativeTarget section */

/* Begin PBXProject section */
		14E382511FD2BACF007AB299 /* Project object */ = {
			isa = PBXProject;
			attributes = {
				LastSwiftUpdateCheck = 0910;
				LastUpgradeCheck = 0910;
				ORGANIZATIONNAME = "Serhii Onopriienko";
				TargetAttributes = {
					14E382581FD2BACF007AB299 = {
						CreatedOnToolsVersion = 9.1;
						ProvisioningStyle = Automatic;
					};
				};
			};
			buildConfigurationList = 14E382541FD2BACF007AB299 /* Build configuration list for PBXProject "GitHub search" */;
			compatibilityVersion = "Xcode 8.0";
			developmentRegion = en;
			hasScannedForEncodings = 0;
			knownRegions = (
				en,
				Base,
			);
			mainGroup = 14E382501FD2BACF007AB299;
			productRefGroup = 14E3825A1FD2BACF007AB299 /* Products */;
			projectDirPath = "";
			projectRoot = "";
			targets = (
				14E382581FD2BACF007AB299 /* GitHub search */,
			);
		};
/* End PBXProject section */

/* Begin PBXResourcesBuildPhase section */
		14E382571FD2BACF007AB299 /* Resources */ = {
			isa = PBXResourcesBuildPhase;
			buildActionMask = 2147483647;
			files = (
				14E382671FD2BACF007AB299 /* LaunchScreen.storyboard in Resources */,
				14E382641FD2BACF007AB299 /* Assets.xcassets in Resources */,
				14E382621FD2BACF007AB299 /* Main.storyboard in Resources */,
			);
			runOnlyForDeploymentPostprocessing = 0;
		};
/* End PBXResourcesBuildPhase section */

/* Begin PBXShellScriptBuildPhase section */
		01CC3FE74DC3DA5791F0C081 /* [CP] Embed Pods Frameworks */ = {
			isa = PBXShellScriptBuildPhase;
			buildActionMask = 2147483647;
			files = (
			);
			inputPaths = (
				"${SRCROOT}/Pods/Target Support Files/Pods-GitHub search/Pods-GitHub search-frameworks.sh",
				"${BUILT_PRODUCTS_DIR}/Alamofire/Alamofire.framework",
				"${BUILT_PRODUCTS_DIR}/Realm/Realm.framework",
				"${BUILT_PRODUCTS_DIR}/RealmSwift/RealmSwift.framework",
				"${BUILT_PRODUCTS_DIR}/RxCocoa/RxCocoa.framework",
				"${BUILT_PRODUCTS_DIR}/RxSwift/RxSwift.framework",
			);
			name = "[CP] Embed Pods Frameworks";
			outputPaths = (
				"${TARGET_BUILD_DIR}/${FRAMEWORKS_FOLDER_PATH}/Alamofire.framework",
				"${TARGET_BUILD_DIR}/${FRAMEWORKS_FOLDER_PATH}/Realm.framework",
				"${TARGET_BUILD_DIR}/${FRAMEWORKS_FOLDER_PATH}/RealmSwift.framework",
				"${TARGET_BUILD_DIR}/${FRAMEWORKS_FOLDER_PATH}/RxCocoa.framework",
				"${TARGET_BUILD_DIR}/${FRAMEWORKS_FOLDER_PATH}/RxSwift.framework",
			);
			runOnlyForDeploymentPostprocessing = 0;
			shellPath = /bin/sh;
			shellScript = "\"${SRCROOT}/Pods/Target Support Files/Pods-GitHub search/Pods-GitHub search-frameworks.sh\"\n";
			showEnvVarsInLog = 0;
		};
		8AC2AFDACFC9096CC77C90B2 /* [CP] Check Pods Manifest.lock */ = {
			isa = PBXShellScriptBuildPhase;
			buildActionMask = 2147483647;
			files = (
			);
			inputPaths = (
				"${PODS_PODFILE_DIR_PATH}/Podfile.lock",
				"${PODS_ROOT}/Manifest.lock",
			);
			name = "[CP] Check Pods Manifest.lock";
			outputPaths = (
				"$(DERIVED_FILE_DIR)/Pods-GitHub search-checkManifestLockResult.txt",
			);
			runOnlyForDeploymentPostprocessing = 0;
			shellPath = /bin/sh;
			shellScript = "diff \"${PODS_PODFILE_DIR_PATH}/Podfile.lock\" \"${PODS_ROOT}/Manifest.lock\" > /dev/null\nif [ $? != 0 ] ; then\n    # print error to STDERR\n    echo \"error: The sandbox is not in sync with the Podfile.lock. Run 'pod install' or update your CocoaPods installation.\" >&2\n    exit 1\nfi\n# This output is used by Xcode 'outputs' to avoid re-running this script phase.\necho \"SUCCESS\" > \"${SCRIPT_OUTPUT_FILE_0}\"\n";
			showEnvVarsInLog = 0;
		};
		EE20BCA8DB47595BAEFA3ECF /* [CP] Copy Pods Resources */ = {
			isa = PBXShellScriptBuildPhase;
			buildActionMask = 2147483647;
			files = (
			);
			inputPaths = (
			);
			name = "[CP] Copy Pods Resources";
			outputPaths = (
			);
			runOnlyForDeploymentPostprocessing = 0;
			shellPath = /bin/sh;
			shellScript = "\"${SRCROOT}/Pods/Target Support Files/Pods-GitHub search/Pods-GitHub search-resources.sh\"\n";
			showEnvVarsInLog = 0;
		};
/* End PBXShellScriptBuildPhase section */

/* Begin PBXSourcesBuildPhase section */
		14E382551FD2BACF007AB299 /* Sources */ = {
			isa = PBXSourcesBuildPhase;
			buildActionMask = 2147483647;
			files = (
				14E382791FD2BC32007AB299 /* SearchViewController.swift in Sources */,
				142306B61FD316D900114BF8 /* LoginModels.swift in Sources */,
				142306B51FD316D900114BF8 /* LoginInteractor.swift in Sources */,
				142306B91FD316D900114BF8 /* LoginViewController.swift in Sources */,
				14E3828F1FD2F230007AB299 /* RepoCell.swift in Sources */,
				142306BF1FD325F700114BF8 /* URL.swift in Sources */,
				14E382751FD2BC32007AB299 /* SearchInteractor.swift in Sources */,
				14E382781FD2BC32007AB299 /* SearchRouter.swift in Sources */,
				142306C81FD4243500114BF8 /* SessionDBService.swift in Sources */,
				14E3825D1FD2BACF007AB299 /* AppDelegate.swift in Sources */,
				14E382971FD303DD007AB299 /* MVCBrowserViewController.swift in Sources */,
				142306B81FD316D900114BF8 /* LoginRouter.swift in Sources */,
				14E382881FD2D2F6007AB299 /* Request.swift in Sources */,
				142306B71FD316D900114BF8 /* LoginPresenter.swift in Sources */,
				14E3828C1FD2D984007AB299 /* JSONDecoder.swift in Sources */,
				14E382771FD2BC32007AB299 /* SearchPresenter.swift in Sources */,
				14E382991FD309D8007AB299 /* Collection.swift in Sources */,
				14E382801FD2CDD3007AB299 /* APIRouter.swift in Sources */,
				14E3827A1FD2BC32007AB299 /* SearchWorker.swift in Sources */,
				14E382921FD2F4E6007AB299 /* CellViewModel.swift in Sources */,
				142306C41FD41D4D00114BF8 /* DBRepo.swift in Sources */,
				14E382851FD2D1C6007AB299 /* Repo.swift in Sources */,
				14E382821FD2CFFE007AB299 /* NetworkService.swift in Sources */,
				14E382941FD2F54F007AB299 /* UITableView+DequeueReusableCell.swift in Sources */,
				142306C61FD4224F00114BF8 /* ReposDBService.swift in Sources */,
				14E3828A1FD2D8E4007AB299 /* Decoding.swift in Sources */,
				142306BD1FD325AB00114BF8 /* RealmConfig.swift in Sources */,
				142306C21FD326DC00114BF8 /* UserSession.swift in Sources */,
				14E382761FD2BC32007AB299 /* SearchModels.swift in Sources */,
				142306BA1FD316D900114BF8 /* LoginWorker.swift in Sources */,
			);
			runOnlyForDeploymentPostprocessing = 0;
		};
/* End PBXSourcesBuildPhase section */

/* Begin PBXVariantGroup section */
		14E382601FD2BACF007AB299 /* Main.storyboard */ = {
			isa = PBXVariantGroup;
			children = (
				14E382611FD2BACF007AB299 /* Base */,
			);
			name = Main.storyboard;
			sourceTree = "<group>";
		};
		14E382651FD2BACF007AB299 /* LaunchScreen.storyboard */ = {
			isa = PBXVariantGroup;
			children = (
				14E382661FD2BACF007AB299 /* Base */,
			);
			name = LaunchScreen.storyboard;
			sourceTree = "<group>";
		};
/* End PBXVariantGroup section */

/* Begin XCBuildConfiguration section */
		14E382691FD2BACF007AB299 /* Debug */ = {
			isa = XCBuildConfiguration;
			buildSettings = {
				ALWAYS_SEARCH_USER_PATHS = NO;
				CLANG_ANALYZER_NONNULL = YES;
				CLANG_ANALYZER_NUMBER_OBJECT_CONVERSION = YES_AGGRESSIVE;
				CLANG_CXX_LANGUAGE_STANDARD = "gnu++14";
				CLANG_CXX_LIBRARY = "libc++";
				CLANG_ENABLE_MODULES = YES;
				CLANG_ENABLE_OBJC_ARC = YES;
				CLANG_WARN_BLOCK_CAPTURE_AUTORELEASING = YES;
				CLANG_WARN_BOOL_CONVERSION = YES;
				CLANG_WARN_COMMA = YES;
				CLANG_WARN_CONSTANT_CONVERSION = YES;
				CLANG_WARN_DIRECT_OBJC_ISA_USAGE = YES_ERROR;
				CLANG_WARN_DOCUMENTATION_COMMENTS = YES;
				CLANG_WARN_EMPTY_BODY = YES;
				CLANG_WARN_ENUM_CONVERSION = YES;
				CLANG_WARN_INFINITE_RECURSION = YES;
				CLANG_WARN_INT_CONVERSION = YES;
				CLANG_WARN_NON_LITERAL_NULL_CONVERSION = YES;
				CLANG_WARN_OBJC_LITERAL_CONVERSION = YES;
				CLANG_WARN_OBJC_ROOT_CLASS = YES_ERROR;
				CLANG_WARN_RANGE_LOOP_ANALYSIS = YES;
				CLANG_WARN_STRICT_PROTOTYPES = YES;
				CLANG_WARN_SUSPICIOUS_MOVE = YES;
				CLANG_WARN_UNGUARDED_AVAILABILITY = YES_AGGRESSIVE;
				CLANG_WARN_UNREACHABLE_CODE = YES;
				CLANG_WARN__DUPLICATE_METHOD_MATCH = YES;
				CODE_SIGN_IDENTITY = "iPhone Developer";
				COPY_PHASE_STRIP = NO;
				DEBUG_INFORMATION_FORMAT = dwarf;
				ENABLE_STRICT_OBJC_MSGSEND = YES;
				ENABLE_TESTABILITY = YES;
				GCC_C_LANGUAGE_STANDARD = gnu11;
				GCC_DYNAMIC_NO_PIC = NO;
				GCC_NO_COMMON_BLOCKS = YES;
				GCC_OPTIMIZATION_LEVEL = 0;
				GCC_PREPROCESSOR_DEFINITIONS = (
					"DEBUG=1",
					"$(inherited)",
				);
				GCC_WARN_64_TO_32_BIT_CONVERSION = YES;
				GCC_WARN_ABOUT_RETURN_TYPE = YES_ERROR;
				GCC_WARN_UNDECLARED_SELECTOR = YES;
				GCC_WARN_UNINITIALIZED_AUTOS = YES_AGGRESSIVE;
				GCC_WARN_UNUSED_FUNCTION = YES;
				GCC_WARN_UNUSED_VARIABLE = YES;
				IPHONEOS_DEPLOYMENT_TARGET = 11.1;
				MTL_ENABLE_DEBUG_INFO = YES;
				ONLY_ACTIVE_ARCH = YES;
				SDKROOT = iphoneos;
				SWIFT_ACTIVE_COMPILATION_CONDITIONS = DEBUG;
				SWIFT_OPTIMIZATION_LEVEL = "-Onone";
			};
			name = Debug;
		};
		14E3826A1FD2BACF007AB299 /* Release */ = {
			isa = XCBuildConfiguration;
			buildSettings = {
				ALWAYS_SEARCH_USER_PATHS = NO;
				CLANG_ANALYZER_NONNULL = YES;
				CLANG_ANALYZER_NUMBER_OBJECT_CONVERSION = YES_AGGRESSIVE;
				CLANG_CXX_LANGUAGE_STANDARD = "gnu++14";
				CLANG_CXX_LIBRARY = "libc++";
				CLANG_ENABLE_MODULES = YES;
				CLANG_ENABLE_OBJC_ARC = YES;
				CLANG_WARN_BLOCK_CAPTURE_AUTORELEASING = YES;
				CLANG_WARN_BOOL_CONVERSION = YES;
				CLANG_WARN_COMMA = YES;
				CLANG_WARN_CONSTANT_CONVERSION = YES;
				CLANG_WARN_DIRECT_OBJC_ISA_USAGE = YES_ERROR;
				CLANG_WARN_DOCUMENTATION_COMMENTS = YES;
				CLANG_WARN_EMPTY_BODY = YES;
				CLANG_WARN_ENUM_CONVERSION = YES;
				CLANG_WARN_INFINITE_RECURSION = YES;
				CLANG_WARN_INT_CONVERSION = YES;
				CLANG_WARN_NON_LITERAL_NULL_CONVERSION = YES;
				CLANG_WARN_OBJC_LITERAL_CONVERSION = YES;
				CLANG_WARN_OBJC_ROOT_CLASS = YES_ERROR;
				CLANG_WARN_RANGE_LOOP_ANALYSIS = YES;
				CLANG_WARN_STRICT_PROTOTYPES = YES;
				CLANG_WARN_SUSPICIOUS_MOVE = YES;
				CLANG_WARN_UNGUARDED_AVAILABILITY = YES_AGGRESSIVE;
				CLANG_WARN_UNREACHABLE_CODE = YES;
				CLANG_WARN__DUPLICATE_METHOD_MATCH = YES;
				CODE_SIGN_IDENTITY = "iPhone Developer";
				COPY_PHASE_STRIP = NO;
				DEBUG_INFORMATION_FORMAT = "dwarf-with-dsym";
				ENABLE_NS_ASSERTIONS = NO;
				ENABLE_STRICT_OBJC_MSGSEND = YES;
				GCC_C_LANGUAGE_STANDARD = gnu11;
				GCC_NO_COMMON_BLOCKS = YES;
				GCC_WARN_64_TO_32_BIT_CONVERSION = YES;
				GCC_WARN_ABOUT_RETURN_TYPE = YES_ERROR;
				GCC_WARN_UNDECLARED_SELECTOR = YES;
				GCC_WARN_UNINITIALIZED_AUTOS = YES_AGGRESSIVE;
				GCC_WARN_UNUSED_FUNCTION = YES;
				GCC_WARN_UNUSED_VARIABLE = YES;
				IPHONEOS_DEPLOYMENT_TARGET = 11.1;
				MTL_ENABLE_DEBUG_INFO = NO;
				SDKROOT = iphoneos;
				SWIFT_OPTIMIZATION_LEVEL = "-Owholemodule";
				VALIDATE_PRODUCT = YES;
			};
			name = Release;
		};
		14E3826C1FD2BACF007AB299 /* Debug */ = {
			isa = XCBuildConfiguration;
			baseConfigurationReference = 93671754C9929F1D5FC76DF6 /* Pods-GitHub search.debug.xcconfig */;
			buildSettings = {
				ASSETCATALOG_COMPILER_APPICON_NAME = AppIcon;
				CODE_SIGN_STYLE = Automatic;
				DEVELOPMENT_TEAM = NQ8UZT9VKJ;
				INFOPLIST_FILE = "GitHub search/Info.plist";
				LD_RUNPATH_SEARCH_PATHS = "$(inherited) @executable_path/Frameworks";
				PRODUCT_BUNDLE_IDENTIFIER = "serhii.onopriienko.GitHub-search";
				PRODUCT_NAME = "$(TARGET_NAME)";
				SWIFT_VERSION = 4.0;
				TARGETED_DEVICE_FAMILY = "1,2";
			};
			name = Debug;
		};
		14E3826D1FD2BACF007AB299 /* Release */ = {
			isa = XCBuildConfiguration;
			baseConfigurationReference = D85BE1225815933F163D91A0 /* Pods-GitHub search.release.xcconfig */;
			buildSettings = {
				ASSETCATALOG_COMPILER_APPICON_NAME = AppIcon;
				CODE_SIGN_STYLE = Automatic;
				DEVELOPMENT_TEAM = NQ8UZT9VKJ;
				INFOPLIST_FILE = "GitHub search/Info.plist";
				LD_RUNPATH_SEARCH_PATHS = "$(inherited) @executable_path/Frameworks";
				PRODUCT_BUNDLE_IDENTIFIER = "serhii.onopriienko.GitHub-search";
				PRODUCT_NAME = "$(TARGET_NAME)";
				SWIFT_VERSION = 4.0;
				TARGETED_DEVICE_FAMILY = "1,2";
			};
			name = Release;
		};
/* End XCBuildConfiguration section */

/* Begin XCConfigurationList section */
		14E382541FD2BACF007AB299 /* Build configuration list for PBXProject "GitHub search" */ = {
			isa = XCConfigurationList;
			buildConfigurations = (
				14E382691FD2BACF007AB299 /* Debug */,
				14E3826A1FD2BACF007AB299 /* Release */,
			);
			defaultConfigurationIsVisible = 0;
			defaultConfigurationName = Release;
		};
		14E3826B1FD2BACF007AB299 /* Build configuration list for PBXNativeTarget "GitHub search" */ = {
			isa = XCConfigurationList;
			buildConfigurations = (
				14E3826C1FD2BACF007AB299 /* Debug */,
				14E3826D1FD2BACF007AB299 /* Release */,
			);
			defaultConfigurationIsVisible = 0;
			defaultConfigurationName = Release;
		};
/* End XCConfigurationList section */
	};
	rootObject = 14E382511FD2BACF007AB299 /* Project object */;
}
